
Microsoft Visual Studio Solution File, Format Version 12.00
# Visual Studio 15
VisualStudioVersion = 15.0.28307.136
MinimumVisualStudioVersion = 10.0.40219.1
Project("{FAE04EC0-301F-11D3-BF4B-00C04F79EFBC}") = "Matrixes", "Matrixes\Matrixes.csproj", "{F58F18F9-BE71-4084-B73E-94937F762078}"
EndProject
Project("{FAE04EC0-301F-11D3-BF4B-00C04F79EFBC}") = "Matrixes.Tests", "Matrixes.Tests\Matrixes.Tests.csproj", "{5D507636-A422-42FC-A595-CCDDC684E4CD}"
EndProject
Global
	GlobalSection(SolutionConfigurationPlatforms) = preSolution
		Debug|Any CPU = Debug|Any CPU
		Release|Any CPU = Release|Any CPU
	EndGlobalSection
	GlobalSection(ProjectConfigurationPlatforms) = postSolution
		{F58F18F9-BE71-4084-B73E-94937F762078}.Debug|Any CPU.ActiveCfg = Debug|Any CPU
		{F58F18F9-BE71-4084-B73E-94937F762078}.Debug|Any CPU.Build.0 = Debug|Any CPU
		{F58F18F9-BE71-4084-B73E-94937F762078}.Release|Any CPU.ActiveCfg = Release|Any CPU
		{F58F18F9-BE71-4084-B73E-94937F762078}.Release|Any CPU.Build.0 = Release|Any CPU
		{5D507636-A422-42FC-A595-CCDDC684E4CD}.Debug|Any CPU.ActiveCfg = Debug|Any CPU
		{5D507636-A422-42FC-A595-CCDDC684E4CD}.Debug|Any CPU.Build.0 = Debug|Any CPU
		{5D507636-A422-42FC-A595-CCDDC684E4CD}.Release|Any CPU.ActiveCfg = Release|Any CPU
		{5D507636-A422-42FC-A595-CCDDC684E4CD}.Release|Any CPU.Build.0 = Release|Any CPU
	EndGlobalSection
	GlobalSection(SolutionProperties) = preSolution
		HideSolutionNode = FALSE
	EndGlobalSection
	GlobalSection(ExtensibilityGlobals) = postSolution
		SolutionGuid = {3D4224C8-3304-4B2A-8773-8DBB0535E487}
	EndGlobalSection
EndGlobal
