
Microsoft Visual Studio Solution File, Format Version 12.00
# Visual Studio 15
VisualStudioVersion = 15.0.28010.2046
MinimumVisualStudioVersion = 10.0.40219.1
Project("{FAE04EC0-301F-11D3-BF4B-00C04F79EFBC}") = "JaggedArray", "JaggedArray\JaggedArray.csproj", "{151097F8-175E-45DE-AD88-36A368D5D550}"
EndProject
Project("{FAE04EC0-301F-11D3-BF4B-00C04F79EFBC}") = "JaggedArray.Tests", "JaggedArray.Tests\JaggedArray.Tests.csproj", "{BC49259C-0675-40B4-8F4E-7A7744647953}"
EndProject
Global
	GlobalSection(SolutionConfigurationPlatforms) = preSolution
		Debug|Any CPU = Debug|Any CPU
		Release|Any CPU = Release|Any CPU
	EndGlobalSection
	GlobalSection(ProjectConfigurationPlatforms) = postSolution
		{151097F8-175E-45DE-AD88-36A368D5D550}.Debug|Any CPU.ActiveCfg = Debug|Any CPU
		{151097F8-175E-45DE-AD88-36A368D5D550}.Debug|Any CPU.Build.0 = Debug|Any CPU
		{151097F8-175E-45DE-AD88-36A368D5D550}.Release|Any CPU.ActiveCfg = Release|Any CPU
		{151097F8-175E-45DE-AD88-36A368D5D550}.Release|Any CPU.Build.0 = Release|Any CPU
		{BC49259C-0675-40B4-8F4E-7A7744647953}.Debug|Any CPU.ActiveCfg = Debug|Any CPU
		{BC49259C-0675-40B4-8F4E-7A7744647953}.Debug|Any CPU.Build.0 = Debug|Any CPU
		{BC49259C-0675-40B4-8F4E-7A7744647953}.Release|Any CPU.ActiveCfg = Release|Any CPU
		{BC49259C-0675-40B4-8F4E-7A7744647953}.Release|Any CPU.Build.0 = Release|Any CPU
	EndGlobalSection
	GlobalSection(SolutionProperties) = preSolution
		HideSolutionNode = FALSE
	EndGlobalSection
	GlobalSection(ExtensibilityGlobals) = postSolution
		SolutionGuid = {0A9907A1-F975-4C5F-95DC-CEC662BC2280}
	EndGlobalSection
EndGlobal
