
Microsoft Visual Studio Solution File, Format Version 12.00
# Visual Studio 15
VisualStudioVersion = 15.0.28010.2046
MinimumVisualStudioVersion = 10.0.40219.1
Project("{9A19103F-16F7-4668-BE54-9A1E7A4F7556}") = "WorkWithBits", "WorkWithBits\WorkWithBits.csproj", "{B82E3497-83F3-41FF-ACB6-2CAECE0DAF0A}"
EndProject
Project("{FAE04EC0-301F-11D3-BF4B-00C04F79EFBC}") = "WorkWithBits.Tests", "WorkWithBits.Tests\WorkWithBits.Tests.csproj", "{1069A0C4-553B-4EDC-87E2-9A31B5B44F4A}"
EndProject
Project("{FAE04EC0-301F-11D3-BF4B-00C04F79EFBC}") = "WorkWithBits.NUnitTests", "WorkWithBits.NUnit\WorkWithBits.NUnitTests.csproj", "{B95A5114-8A5E-4634-B06B-3BA2385321BF}"
EndProject
Global
	GlobalSection(SolutionConfigurationPlatforms) = preSolution
		Debug|Any CPU = Debug|Any CPU
		Release|Any CPU = Release|Any CPU
	EndGlobalSection
	GlobalSection(ProjectConfigurationPlatforms) = postSolution
		{B82E3497-83F3-41FF-ACB6-2CAECE0DAF0A}.Debug|Any CPU.ActiveCfg = Debug|Any CPU
		{B82E3497-83F3-41FF-ACB6-2CAECE0DAF0A}.Debug|Any CPU.Build.0 = Debug|Any CPU
		{B82E3497-83F3-41FF-ACB6-2CAECE0DAF0A}.Release|Any CPU.ActiveCfg = Release|Any CPU
		{B82E3497-83F3-41FF-ACB6-2CAECE0DAF0A}.Release|Any CPU.Build.0 = Release|Any CPU
		{1069A0C4-553B-4EDC-87E2-9A31B5B44F4A}.Debug|Any CPU.ActiveCfg = Debug|Any CPU
		{1069A0C4-553B-4EDC-87E2-9A31B5B44F4A}.Debug|Any CPU.Build.0 = Debug|Any CPU
		{1069A0C4-553B-4EDC-87E2-9A31B5B44F4A}.Release|Any CPU.ActiveCfg = Release|Any CPU
		{1069A0C4-553B-4EDC-87E2-9A31B5B44F4A}.Release|Any CPU.Build.0 = Release|Any CPU
		{B95A5114-8A5E-4634-B06B-3BA2385321BF}.Debug|Any CPU.ActiveCfg = Debug|Any CPU
		{B95A5114-8A5E-4634-B06B-3BA2385321BF}.Debug|Any CPU.Build.0 = Debug|Any CPU
		{B95A5114-8A5E-4634-B06B-3BA2385321BF}.Release|Any CPU.ActiveCfg = Release|Any CPU
		{B95A5114-8A5E-4634-B06B-3BA2385321BF}.Release|Any CPU.Build.0 = Release|Any CPU
	EndGlobalSection
	GlobalSection(SolutionProperties) = preSolution
		HideSolutionNode = FALSE
	EndGlobalSection
	GlobalSection(ExtensibilityGlobals) = postSolution
		SolutionGuid = {9DCFE92E-8D9A-4F59-968D-68D72E3567D3}
	EndGlobalSection
EndGlobal
