
Microsoft Visual Studio Solution File, Format Version 12.00
# Visual Studio 15
VisualStudioVersion = 15.0.28010.2046
MinimumVisualStudioVersion = 10.0.40219.1
Project("{FAE04EC0-301F-11D3-BF4B-00C04F79EFBC}") = "BinarySearchTreeTask", "BinarySearchTreeTask\BinarySearchTreeTask.csproj", "{02D46A4F-AB8D-4D0A-9EE2-8A8D786504E1}"
EndProject
Project("{FAE04EC0-301F-11D3-BF4B-00C04F79EFBC}") = "BinarySearchTreeTask.Tests", "BinarySearchTreeTask.Tests\BinarySearchTreeTask.Tests.csproj", "{69202F0D-6AFF-49EC-BA87-48492CDBD5FE}"
EndProject
Global
	GlobalSection(SolutionConfigurationPlatforms) = preSolution
		Debug|Any CPU = Debug|Any CPU
		Release|Any CPU = Release|Any CPU
	EndGlobalSection
	GlobalSection(ProjectConfigurationPlatforms) = postSolution
		{02D46A4F-AB8D-4D0A-9EE2-8A8D786504E1}.Debug|Any CPU.ActiveCfg = Debug|Any CPU
		{02D46A4F-AB8D-4D0A-9EE2-8A8D786504E1}.Debug|Any CPU.Build.0 = Debug|Any CPU
		{02D46A4F-AB8D-4D0A-9EE2-8A8D786504E1}.Release|Any CPU.ActiveCfg = Release|Any CPU
		{02D46A4F-AB8D-4D0A-9EE2-8A8D786504E1}.Release|Any CPU.Build.0 = Release|Any CPU
		{69202F0D-6AFF-49EC-BA87-48492CDBD5FE}.Debug|Any CPU.ActiveCfg = Debug|Any CPU
		{69202F0D-6AFF-49EC-BA87-48492CDBD5FE}.Debug|Any CPU.Build.0 = Debug|Any CPU
		{69202F0D-6AFF-49EC-BA87-48492CDBD5FE}.Release|Any CPU.ActiveCfg = Release|Any CPU
		{69202F0D-6AFF-49EC-BA87-48492CDBD5FE}.Release|Any CPU.Build.0 = Release|Any CPU
	EndGlobalSection
	GlobalSection(SolutionProperties) = preSolution
		HideSolutionNode = FALSE
	EndGlobalSection
	GlobalSection(ExtensibilityGlobals) = postSolution
		SolutionGuid = {28D2D26C-2FC9-48F9-B02B-4E90069324FD}
	EndGlobalSection
EndGlobal
